// !$*UTF8*$!
{
	archiveVersion = 1;
	classes = {
	};
	objectVersion = 45;
	objects = {

/* Begin PBXBuildFile section */
		1DDD58160DA1D0A300B32029 /* MainMenu.xib in Resources */ = {isa = PBXBuildFile; fileRef = 1DDD58140DA1D0A300B32029 /* MainMenu.xib */; };
		256AC3DA0F4B6AC300CF3369 /* BioVizCorePlot18AppDelegate.m in Sources */ = {isa = PBXBuildFile; fileRef = 256AC3D90F4B6AC300CF3369 /* BioVizCorePlot18AppDelegate.m */; };
		8D11072B0486CEB800E47090 /* InfoPlist.strings in Resources */ = {isa = PBXBuildFile; fileRef = 089C165CFE840E0CC02AAC07 /* InfoPlist.strings */; };
		8D11072D0486CEB800E47090 /* main.m in Sources */ = {isa = PBXBuildFile; fileRef = 29B97316FDCFA39411CA2CEA /* main.m */; settings = {ATTRIBUTES = (); }; };
		8D11072F0486CEB800E47090 /* Cocoa.framework in Frameworks */ = {isa = PBXBuildFile; fileRef = 1058C7A1FEA54F0111CA2CBB /* Cocoa.framework */; };
		BD20CA211145651800A162D6 /* Blast.m in Sources */ = {isa = PBXBuildFile; fileRef = BD20CA201145651800A162D6 /* Blast.m */; };
		BD20CA231145655700A162D6 /* blastcl3 in Resources */ = {isa = PBXBuildFile; fileRef = BD20CA221145655700A162D6 /* blastcl3 */; };
		BD20CA381145660600A162D6 /* AppController.m in Sources */ = {isa = PBXBuildFile; fileRef = BD20CA371145660600A162D6 /* AppController.m */; };
		BD20CA5A11456BC600A162D6 /* RSParser.m in Sources */ = {isa = PBXBuildFile; fileRef = BD20CA5911456BC600A162D6 /* RSParser.m */; };
		BDA28A6D114853570082753E /* Bioinforicon.icns in Resources */ = {isa = PBXBuildFile; fileRef = BDA28A6C114853570082753E /* Bioinforicon.icns */; };
		BDA28AD611487A870082753E /* blast.icns in Resources */ = {isa = PBXBuildFile; fileRef = BDA28AD511487A870082753E /* blast.icns */; };
		BDA28B2A11488E9E0082753E /* RSXMLToOutline.m in Sources */ = {isa = PBXBuildFile; fileRef = BDA28B2911488E9E0082753E /* RSXMLToOutline.m */; };
		BDA28B4811489A0D0082753E /* blasticoncompressed.icns in Resources */ = {isa = PBXBuildFile; fileRef = BDA28B4711489A0D0082753E /* blasticoncompressed.icns */; };
		BDA28B7B11489B5D0082753E /* blasticon.icns in Resources */ = {isa = PBXBuildFile; fileRef = BDA28B7A11489B5D0082753E /* blasticon.icns */; };
		BDB20BDB1144A75100A0DDC6 /* CorePlot.framework in CopyFiles */ = {isa = PBXBuildFile; fileRef = BDB20BD41144A71900A0DDC6 /* CorePlot.framework */; };
		BDB20BDC1144A75300A0DDC6 /* CorePlot.framework in Frameworks */ = {isa = PBXBuildFile; fileRef = BDB20BD41144A71900A0DDC6 /* CorePlot.framework */; };
		BDB20BDE1144A76300A0DDC6 /* QuartzCore.framework in Frameworks */ = {isa = PBXBuildFile; fileRef = BDB20BDD1144A76300A0DDC6 /* QuartzCore.framework */; };
		BDB20BE81144A78100A0DDC6 /* CorePlotView.m in Sources */ = {isa = PBXBuildFile; fileRef = BDB20BE71144A78100A0DDC6 /* CorePlotView.m */; };
/* End PBXBuildFile section */

/* Begin PBXContainerItemProxy section */
		BDB20BD31144A71900A0DDC6 /* PBXContainerItemProxy */ = {
			isa = PBXContainerItemProxy;
			containerPortal = BDB20BCA1144A71900A0DDC6 /* CorePlot.xcodeproj */;
			proxyType = 2;
			remoteGlobalIDString = 8DC2EF5B0486A6940098B216;
			remoteInfo = CorePlot;
		};
		BDB20BD51144A71900A0DDC6 /* PBXContainerItemProxy */ = {
			isa = PBXContainerItemProxy;
			containerPortal = BDB20BCA1144A71900A0DDC6 /* CorePlot.xcodeproj */;
			proxyType = 2;
			remoteGlobalIDString = 0730F600109492D800E95162;
			remoteInfo = UnitTests;
		};
		BDB20BD71144A72D00A0DDC6 /* PBXContainerItemProxy */ = {
			isa = PBXContainerItemProxy;
			containerPortal = BDB20BCA1144A71900A0DDC6 /* CorePlot.xcodeproj */;
			proxyType = 1;
			remoteGlobalIDString = 8DC2EF4F0486A6940098B216;
			remoteInfo = CorePlot;
		};
/* End PBXContainerItemProxy section */

/* Begin PBXCopyFilesBuildPhase section */
		BDB20BE11144A76300A0DDC6 /* CopyFiles */ = {
			isa = PBXCopyFilesBuildPhase;
			buildActionMask = 2147483647;
			dstPath = "";
			dstSubfolderSpec = 10;
			files = (
				BDB20BDB1144A75100A0DDC6 /* CorePlot.framework in CopyFiles */,
			);
			runOnlyForDeploymentPostprocessing = 0;
		};
/* End PBXCopyFilesBuildPhase section */

/* Begin PBXFileReference section */
		089C165DFE840E0CC02AAC07 /* English */ = {isa = PBXFileReference; fileEncoding = 4; lastKnownFileType = text.plist.strings; name = English; path = English.lproj/InfoPlist.strings; sourceTree = "<group>"; };
		1058C7A1FEA54F0111CA2CBB /* Cocoa.framework */ = {isa = PBXFileReference; lastKnownFileType = wrapper.framework; name = Cocoa.framework; path = /System/Library/Frameworks/Cocoa.framework; sourceTree = "<absolute>"; };
		13E42FB307B3F0F600E4EEF1 /* CoreData.framework */ = {isa = PBXFileReference; lastKnownFileType = wrapper.framework; name = CoreData.framework; path = /System/Library/Frameworks/CoreData.framework; sourceTree = "<absolute>"; };
		1DDD58150DA1D0A300B32029 /* English */ = {isa = PBXFileReference; lastKnownFileType = file.xib; name = English; path = English.lproj/MainMenu.xib; sourceTree = "<group>"; };
		256AC3D80F4B6AC300CF3369 /* BioVizCorePlot18AppDelegate.h */ = {isa = PBXFileReference; fileEncoding = 4; lastKnownFileType = sourcecode.c.h; path = BioVizCorePlot18AppDelegate.h; sourceTree = "<group>"; };
		256AC3D90F4B6AC300CF3369 /* BioVizCorePlot18AppDelegate.m */ = {isa = PBXFileReference; fileEncoding = 4; lastKnownFileType = sourcecode.c.objc; path = BioVizCorePlot18AppDelegate.m; sourceTree = "<group>"; };
		256AC3F00F4B6AF500CF3369 /* BioVizCorePlot18_Prefix.pch */ = {isa = PBXFileReference; fileEncoding = 4; lastKnownFileType = sourcecode.c.h; path = BioVizCorePlot18_Prefix.pch; sourceTree = "<group>"; };
		29B97316FDCFA39411CA2CEA /* main.m */ = {isa = PBXFileReference; fileEncoding = 4; lastKnownFileType = sourcecode.c.objc; path = main.m; sourceTree = "<group>"; };
		29B97324FDCFA39411CA2CEA /* AppKit.framework */ = {isa = PBXFileReference; lastKnownFileType = wrapper.framework; name = AppKit.framework; path = /System/Library/Frameworks/AppKit.framework; sourceTree = "<absolute>"; };
		29B97325FDCFA39411CA2CEA /* Foundation.framework */ = {isa = PBXFileReference; lastKnownFileType = wrapper.framework; name = Foundation.framework; path = /System/Library/Frameworks/Foundation.framework; sourceTree = "<absolute>"; };
		8D1107310486CEB800E47090 /* BioVizCorePlot18-Info.plist */ = {isa = PBXFileReference; fileEncoding = 4; lastKnownFileType = text.plist.xml; path = "BioVizCorePlot18-Info.plist"; sourceTree = "<group>"; };
		8D1107320486CEB800E47090 /* BioVizCorePlot18.app */ = {isa = PBXFileReference; explicitFileType = wrapper.application; includeInIndex = 0; path = BioVizCorePlot18.app; sourceTree = BUILT_PRODUCTS_DIR; };
		BD20CA1F1145651800A162D6 /* Blast.h */ = {isa = PBXFileReference; fileEncoding = 4; lastKnownFileType = sourcecode.c.h; path = Blast.h; sourceTree = "<group>"; };
		BD20CA201145651800A162D6 /* Blast.m */ = {isa = PBXFileReference; fileEncoding = 4; lastKnownFileType = sourcecode.c.objc; path = Blast.m; sourceTree = "<group>"; };
		BD20CA221145655700A162D6 /* blastcl3 */ = {isa = PBXFileReference; lastKnownFileType = "compiled.mach-o.executable"; path = blastcl3; sourceTree = "<group>"; };
		BD20CA361145660600A162D6 /* AppController.h */ = {isa = PBXFileReference; fileEncoding = 4; lastKnownFileType = sourcecode.c.h; path = AppController.h; sourceTree = "<group>"; };
		BD20CA371145660600A162D6 /* AppController.m */ = {isa = PBXFileReference; fileEncoding = 4; lastKnownFileType = sourcecode.c.objc; path = AppController.m; sourceTree = "<group>"; };
		BD20CA5811456BC600A162D6 /* RSParser.h */ = {isa = PBXFileReference; fileEncoding = 4; lastKnownFileType = sourcecode.c.h; path = RSParser.h; sourceTree = "<group>"; };
		BD20CA5911456BC600A162D6 /* RSParser.m */ = {isa = PBXFileReference; fileEncoding = 4; lastKnownFileType = sourcecode.c.objc; path = RSParser.m; sourceTree = "<group>"; };
		BDA28A6C114853570082753E /* Bioinforicon.icns */ = {isa = PBXFileReference; lastKnownFileType = image.icns; path = Bioinforicon.icns; sourceTree = "<group>"; };
		BDA28AD511487A870082753E /* blast.icns */ = {isa = PBXFileReference; lastKnownFileType = image.icns; path = blast.icns; sourceTree = "<group>"; };
		BDA28B2811488E9E0082753E /* RSXMLToOutline.h */ = {isa = PBXFileReference; fileEncoding = 4; lastKnownFileType = sourcecode.c.h; path = RSXMLToOutline.h; sourceTree = "<group>"; };
		BDA28B2911488E9E0082753E /* RSXMLToOutline.m */ = {isa = PBXFileReference; fileEncoding = 4; lastKnownFileType = sourcecode.c.objc; path = RSXMLToOutline.m; sourceTree = "<group>"; };
		BDA28B4711489A0D0082753E /* blasticoncompressed.icns */ = {isa = PBXFileReference; lastKnownFileType = image.icns; path = blasticoncompressed.icns; sourceTree = "<group>"; };
		BDA28B7A11489B5D0082753E /* blasticon.icns */ = {isa = PBXFileReference; lastKnownFileType = image.icns; path = blasticon.icns; sourceTree = "<group>"; };
		BDB20BCA1144A71900A0DDC6 /* CorePlot.xcodeproj */ = {isa = PBXFileReference; lastKnownFileType = "wrapper.pb-project"; name = CorePlot.xcodeproj; path = ../../framework/CorePlot.xcodeproj; sourceTree = SOURCE_ROOT; };
		BDB20BDD1144A76300A0DDC6 /* QuartzCore.framework */ = {isa = PBXFileReference; lastKnownFileType = wrapper.framework; name = QuartzCore.framework; path = /System/Library/Frameworks/QuartzCore.framework; sourceTree = "<absolute>"; };
		BDB20BE61144A78100A0DDC6 /* CorePlotView.h */ = {isa = PBXFileReference; fileEncoding = 4; lastKnownFileType = sourcecode.c.h; path = CorePlotView.h; sourceTree = "<group>"; };
		BDB20BE71144A78100A0DDC6 /* CorePlotView.m */ = {isa = PBXFileReference; fileEncoding = 4; lastKnownFileType = sourcecode.c.objc; path = CorePlotView.m; sourceTree = "<group>"; };
/* End PBXFileReference section */

/* Begin PBXFrameworksBuildPhase section */
		8D11072E0486CEB800E47090 /* Frameworks */ = {
			isa = PBXFrameworksBuildPhase;
			buildActionMask = 2147483647;
			files = (
				BDB20BDC1144A75300A0DDC6 /* CorePlot.framework in Frameworks */,
				8D11072F0486CEB800E47090 /* Cocoa.framework in Frameworks */,
				BDB20BDE1144A76300A0DDC6 /* QuartzCore.framework in Frameworks */,
			);
			runOnlyForDeploymentPostprocessing = 0;
		};
/* End PBXFrameworksBuildPhase section */

/* Begin PBXGroup section */
		080E96DDFE201D6D7F000001 /* Classes */ = {
			isa = PBXGroup;
			children = (
				BDA28B2811488E9E0082753E /* RSXMLToOutline.h */,
				BDA28B2911488E9E0082753E /* RSXMLToOutline.m */,
				BDB20BE61144A78100A0DDC6 /* CorePlotView.h */,
				BDB20BE71144A78100A0DDC6 /* CorePlotView.m */,
				BD20CA361145660600A162D6 /* AppController.h */,
				BD20CA371145660600A162D6 /* AppController.m */,
				BD20CA1F1145651800A162D6 /* Blast.h */,
				BD20CA201145651800A162D6 /* Blast.m */,
				256AC3D80F4B6AC300CF3369 /* BioVizCorePlot18AppDelegate.h */,
				256AC3D90F4B6AC300CF3369 /* BioVizCorePlot18AppDelegate.m */,
				BD20CA5811456BC600A162D6 /* RSParser.h */,
				BD20CA5911456BC600A162D6 /* RSParser.m */,
			);
			name = Classes;
			sourceTree = "<group>";
		};
		1058C7A0FEA54F0111CA2CBB /* Linked Frameworks */ = {
			isa = PBXGroup;
			children = (
				BDB20BDD1144A76300A0DDC6 /* QuartzCore.framework */,
				1058C7A1FEA54F0111CA2CBB /* Cocoa.framework */,
			);
			name = "Linked Frameworks";
			sourceTree = "<group>";
		};
		1058C7A2FEA54F0111CA2CBB /* Other Frameworks */ = {
			isa = PBXGroup;
			children = (
				29B97324FDCFA39411CA2CEA /* AppKit.framework */,
				13E42FB307B3F0F600E4EEF1 /* CoreData.framework */,
				29B97325FDCFA39411CA2CEA /* Foundation.framework */,
			);
			name = "Other Frameworks";
			sourceTree = "<group>";
		};
		19C28FACFE9D520D11CA2CBB /* Products */ = {
			isa = PBXGroup;
			children = (
				8D1107320486CEB800E47090 /* BioVizCorePlot18.app */,
			);
			name = Products;
			sourceTree = "<group>";
		};
		29B97314FDCFA39411CA2CEA /* BioVizCorePlot18 */ = {
			isa = PBXGroup;
			children = (
				BDB20BCA1144A71900A0DDC6 /* CorePlot.xcodeproj */,
				080E96DDFE201D6D7F000001 /* Classes */,
				29B97315FDCFA39411CA2CEA /* Other Sources */,
				29B97317FDCFA39411CA2CEA /* Resources */,
				29B97323FDCFA39411CA2CEA /* Frameworks */,
				19C28FACFE9D520D11CA2CBB /* Products */,
			);
			name = BioVizCorePlot18;
			sourceTree = "<group>";
		};
		29B97315FDCFA39411CA2CEA /* Other Sources */ = {
			isa = PBXGroup;
			children = (
				256AC3F00F4B6AF500CF3369 /* BioVizCorePlot18_Prefix.pch */,
				29B97316FDCFA39411CA2CEA /* main.m */,
			);
			name = "Other Sources";
			sourceTree = "<group>";
		};
		29B97317FDCFA39411CA2CEA /* Resources */ = {
			isa = PBXGroup;
			children = (
				BDA28B7A11489B5D0082753E /* blasticon.icns */,
				BDA28B4711489A0D0082753E /* blasticoncompressed.icns */,
				BDA28AD511487A870082753E /* blast.icns */,
				BDA28A6C114853570082753E /* Bioinforicon.icns */,
				BD20CA221145655700A162D6 /* blastcl3 */,
				8D1107310486CEB800E47090 /* BioVizCorePlot18-Info.plist */,
				089C165CFE840E0CC02AAC07 /* InfoPlist.strings */,
				1DDD58140DA1D0A300B32029 /* MainMenu.xib */,
			);
			name = Resources;
			sourceTree = "<group>";
		};
		29B97323FDCFA39411CA2CEA /* Frameworks */ = {
			isa = PBXGroup;
			children = (
				1058C7A0FEA54F0111CA2CBB /* Linked Frameworks */,
				1058C7A2FEA54F0111CA2CBB /* Other Frameworks */,
			);
			name = Frameworks;
			sourceTree = "<group>";
		};
		BDB20BCB1144A71900A0DDC6 /* Products */ = {
			isa = PBXGroup;
			children = (
				BDB20BD41144A71900A0DDC6 /* CorePlot.framework */,
				BDB20BD61144A71900A0DDC6 /* UnitTests.octest */,
			);
			name = Products;
			sourceTree = "<group>";
		};
/* End PBXGroup section */

/* Begin PBXNativeTarget section */
		8D1107260486CEB800E47090 /* BioVizCorePlot18 */ = {
			isa = PBXNativeTarget;
			buildConfigurationList = C01FCF4A08A954540054247B /* Build configuration list for PBXNativeTarget "BioVizCorePlot18" */;
			buildPhases = (
				8D1107290486CEB800E47090 /* Resources */,
				8D11072C0486CEB800E47090 /* Sources */,
				8D11072E0486CEB800E47090 /* Frameworks */,
				BDB20BE11144A76300A0DDC6 /* CopyFiles */,
			);
			buildRules = (
			);
			dependencies = (
				BDB20BD81144A72D00A0DDC6 /* PBXTargetDependency */,
			);
			name = BioVizCorePlot18;
			productInstallPath = "$(HOME)/Applications";
			productName = BioVizCorePlot18;
			productReference = 8D1107320486CEB800E47090 /* BioVizCorePlot18.app */;
			productType = "com.apple.product-type.application";
		};
/* End PBXNativeTarget section */

/* Begin PBXProject section */
		29B97313FDCFA39411CA2CEA /* Project object */ = {
			isa = PBXProject;
			buildConfigurationList = C01FCF4E08A954540054247B /* Build configuration list for PBXProject "BioVizCorePlot18" */;
			compatibilityVersion = "Xcode 3.1";
			hasScannedForEncodings = 1;
			mainGroup = 29B97314FDCFA39411CA2CEA /* BioVizCorePlot18 */;
			projectDirPath = "";
			projectReferences = (
				{
					ProductGroup = BDB20BCB1144A71900A0DDC6 /* Products */;
					ProjectRef = BDB20BCA1144A71900A0DDC6 /* CorePlot.xcodeproj */;
				},
			);
			projectRoot = "";
			targets = (
				8D1107260486CEB800E47090 /* BioVizCorePlot18 */,
			);
		};
/* End PBXProject section */

/* Begin PBXReferenceProxy section */
		BDB20BD41144A71900A0DDC6 /* CorePlot.framework */ = {
			isa = PBXReferenceProxy;
			fileType = wrapper.framework;
			path = CorePlot.framework;
			remoteRef = BDB20BD31144A71900A0DDC6 /* PBXContainerItemProxy */;
			sourceTree = BUILT_PRODUCTS_DIR;
		};
		BDB20BD61144A71900A0DDC6 /* UnitTests.octest */ = {
			isa = PBXReferenceProxy;
			fileType = wrapper.cfbundle;
			path = UnitTests.octest;
			remoteRef = BDB20BD51144A71900A0DDC6 /* PBXContainerItemProxy */;
			sourceTree = BUILT_PRODUCTS_DIR;
		};
/* End PBXReferenceProxy section */

/* Begin PBXResourcesBuildPhase section */
		8D1107290486CEB800E47090 /* Resources */ = {
			isa = PBXResourcesBuildPhase;
			buildActionMask = 2147483647;
			files = (
				8D11072B0486CEB800E47090 /* InfoPlist.strings in Resources */,
				1DDD58160DA1D0A300B32029 /* MainMenu.xib in Resources */,
				BD20CA231145655700A162D6 /* blastcl3 in Resources */,
				BDA28A6D114853570082753E /* Bioinforicon.icns in Resources */,
				BDA28AD611487A870082753E /* blast.icns in Resources */,
				BDA28B4811489A0D0082753E /* blasticoncompressed.icns in Resources */,
				BDA28B7B11489B5D0082753E /* blasticon.icns in Resources */,
			);
			runOnlyForDeploymentPostprocessing = 0;
		};
/* End PBXResourcesBuildPhase section */

/* Begin PBXSourcesBuildPhase section */
		8D11072C0486CEB800E47090 /* Sources */ = {
			isa = PBXSourcesBuildPhase;
			buildActionMask = 2147483647;
			files = (
				8D11072D0486CEB800E47090 /* main.m in Sources */,
				256AC3DA0F4B6AC300CF3369 /* BioVizCorePlot18AppDelegate.m in Sources */,
				BDB20BE81144A78100A0DDC6 /* CorePlotView.m in Sources */,
				BD20CA211145651800A162D6 /* Blast.m in Sources */,
				BD20CA381145660600A162D6 /* AppController.m in Sources */,
				BD20CA5A11456BC600A162D6 /* RSParser.m in Sources */,
				BDA28B2A11488E9E0082753E /* RSXMLToOutline.m in Sources */,
			);
			runOnlyForDeploymentPostprocessing = 0;
		};
/* End PBXSourcesBuildPhase section */

/* Begin PBXTargetDependency section */
		BDB20BD81144A72D00A0DDC6 /* PBXTargetDependency */ = {
			isa = PBXTargetDependency;
			name = CorePlot;
			targetProxy = BDB20BD71144A72D00A0DDC6 /* PBXContainerItemProxy */;
		};
/* End PBXTargetDependency section */

/* Begin PBXVariantGroup section */
		089C165CFE840E0CC02AAC07 /* InfoPlist.strings */ = {
			isa = PBXVariantGroup;
			children = (
				089C165DFE840E0CC02AAC07 /* English */,
			);
			name = InfoPlist.strings;
			sourceTree = "<group>";
		};
		1DDD58140DA1D0A300B32029 /* MainMenu.xib */ = {
			isa = PBXVariantGroup;
			children = (
				1DDD58150DA1D0A300B32029 /* English */,
			);
			name = MainMenu.xib;
			sourceTree = "<group>";
		};
/* End PBXVariantGroup section */

/* Begin XCBuildConfiguration section */
		C01FCF4B08A954540054247B /* Debug */ = {
			isa = XCBuildConfiguration;
			buildSettings = {
				ALWAYS_SEARCH_USER_PATHS = NO;
				COPY_PHASE_STRIP = NO;
				FRAMEWORK_SEARCH_PATHS = (
					"$(inherited)",
					"\"$(SRCROOT)/../../framework/build/Debug\"/**",
				);
				GCC_DYNAMIC_NO_PIC = NO;
				GCC_ENABLE_FIX_AND_CONTINUE = YES;
				GCC_MODEL_TUNING = G5;
				GCC_OPTIMIZATION_LEVEL = 0;
				GCC_PRECOMPILE_PREFIX_HEADER = YES;
				GCC_PREFIX_HEADER = BioVizCorePlot18_Prefix.pch;
				INFOPLIST_FILE = "BioVizCorePlot18-Info.plist";
				INSTALL_PATH = "$(HOME)/Applications";
				MACOSX_DEPLOYMENT_TARGET = 10.5;
				OTHER_LDFLAGS = "-lgcov";
				PRODUCT_NAME = BioVizCorePlot18;
			};
			name = Debug;
		};
		C01FCF4C08A954540054247B /* Release */ = {
			isa = XCBuildConfiguration;
			buildSettings = {
				ALWAYS_SEARCH_USER_PATHS = NO;
				DEBUG_INFORMATION_FORMAT = "dwarf-with-dsym";
				GCC_MODEL_TUNING = G5;
				GCC_PRECOMPILE_PREFIX_HEADER = YES;
				GCC_PREFIX_HEADER = BioVizCorePlot18_Prefix.pch;
				INFOPLIST_FILE = "BioVizCorePlot18-Info.plist";
				INSTALL_PATH = "$(HOME)/Applications";
				PRODUCT_NAME = BioVizCorePlot18;
			};
			name = Release;
		};
		C01FCF4F08A954540054247B /* Debug */ = {
			isa = XCBuildConfiguration;
			buildSettings = {
				ARCHS = "$(ARCHS_STANDARD_32_64_BIT)";
				GCC_C_LANGUAGE_STANDARD = gnu99;
				GCC_OPTIMIZATION_LEVEL = 0;
				GCC_PREPROCESSOR_DEFINITIONS = NS_BUILD_32_LIKE_64;
				GCC_WARN_ABOUT_RETURN_TYPE = YES;
				GCC_WARN_UNUSED_VARIABLE = YES;
				ONLY_ACTIVE_ARCH = YES;
				PREBINDING = NO;
				SDKROOT = macosx10.6;
			};
			name = Debug;
		};
		C01FCF5008A954540054247B /* Release */ = {
			isa = XCBuildConfiguration;
			buildSettings = {
				ARCHS = "$(ARCHS_STANDARD_32_64_BIT)";
				GCC_C_LANGUAGE_STANDARD = gnu99;
				GCC_WARN_ABOUT_RETURN_TYPE = YES;
				GCC_WARN_UNUSED_VARIABLE = YES;
				PREBINDING = NO;
				SDKROOT = macosx10.6;
			};
			name = Release;
		};
/* End XCBuildConfiguration section */

/* Begin XCConfigurationList section */
		C01FCF4A08A954540054247B /* Build configuration list for PBXNativeTarget "BioVizCorePlot18" */ = {
			isa = XCConfigurationList;
			buildConfigurations = (
				C01FCF4B08A954540054247B /* Debug */,
				C01FCF4C08A954540054247B /* Release */,
			);
			defaultConfigurationIsVisible = 0;
			defaultConfigurationName = Release;
		};
		C01FCF4E08A954540054247B /* Build configuration list for PBXProject "BioVizCorePlot18" */ = {
			isa = XCConfigurationList;
			buildConfigurations = (
				C01FCF4F08A954540054247B /* Debug */,
				C01FCF5008A954540054247B /* Release */,
			);
			defaultConfigurationIsVisible = 0;
			defaultConfigurationName = Release;
		};
/* End XCConfigurationList section */
	};
	rootObject = 29B97313FDCFA39411CA2CEA /* Project object */;
}
